// !$*UTF8*$!
{
	archiveVersion = 1;
	classes = {
	};
	objectVersion = 56;
	objects = {

/* Begin PBXBuildFile section */
		ED2349EF2B48A6F500884FB7 /* MobiliseTaskApp.swift in Sources */ = {isa = PBXBuildFile; fileRef = ED2349EE2B48A6F500884FB7 /* MobiliseTaskApp.swift */; };
		ED2349F12B48A6F500884FB7 /* ContentView.swift in Sources */ = {isa = PBXBuildFile; fileRef = ED2349F02B48A6F500884FB7 /* ContentView.swift */; };
		ED2349F32B48A6F600884FB7 /* Assets.xcassets in Resources */ = {isa = PBXBuildFile; fileRef = ED2349F22B48A6F600884FB7 /* Assets.xcassets */; };
		ED2349F72B48A6F600884FB7 /* Preview Assets.xcassets in Resources */ = {isa = PBXBuildFile; fileRef = ED2349F62B48A6F600884FB7 /* Preview Assets.xcassets */; };
		ED234A012B48A6F600884FB7 /* MobiliseTaskTests.swift in Sources */ = {isa = PBXBuildFile; fileRef = ED234A002B48A6F600884FB7 /* MobiliseTaskTests.swift */; };
		ED234A0B2B48A6F600884FB7 /* MobiliseTaskUITests.swift in Sources */ = {isa = PBXBuildFile; fileRef = ED234A0A2B48A6F600884FB7 /* MobiliseTaskUITests.swift */; };
		ED234A0D2B48A6F600884FB7 /* MobiliseTaskUITestsLaunchTests.swift in Sources */ = {isa = PBXBuildFile; fileRef = ED234A0C2B48A6F600884FB7 /* MobiliseTaskUITestsLaunchTests.swift */; };
/* End PBXBuildFile section */

/* Begin PBXContainerItemProxy section */
		ED2349FD2B48A6F600884FB7 /* PBXContainerItemProxy */ = {
			isa = PBXContainerItemProxy;
			containerPortal = ED2349E32B48A6F500884FB7 /* Project object */;
			proxyType = 1;
			remoteGlobalIDString = ED2349EA2B48A6F500884FB7;
			remoteInfo = MobiliseTask;
		};
		ED234A072B48A6F600884FB7 /* PBXContainerItemProxy */ = {
			isa = PBXContainerItemProxy;
			containerPortal = ED2349E32B48A6F500884FB7 /* Project object */;
			proxyType = 1;
			remoteGlobalIDString = ED2349EA2B48A6F500884FB7;
			remoteInfo = MobiliseTask;
		};
/* End PBXContainerItemProxy section */

/* Begin PBXFileReference section */
		ED2349EB2B48A6F500884FB7 /* MobiliseTask.app */ = {isa = PBXFileReference; explicitFileType = wrapper.application; includeInIndex = 0; path = MobiliseTask.app; sourceTree = BUILT_PRODUCTS_DIR; };
		ED2349EE2B48A6F500884FB7 /* MobiliseTaskApp.swift */ = {isa = PBXFileReference; lastKnownFileType = sourcecode.swift; path = MobiliseTaskApp.swift; sourceTree = "<group>"; };
		ED2349F02B48A6F500884FB7 /* ContentView.swift */ = {isa = PBXFileReference; lastKnownFileType = sourcecode.swift; path = ContentView.swift; sourceTree = "<group>"; };
		ED2349F22B48A6F600884FB7 /* Assets.xcassets */ = {isa = PBXFileReference; lastKnownFileType = folder.assetcatalog; path = Assets.xcassets; sourceTree = "<group>"; };
		ED2349F42B48A6F600884FB7 /* MobiliseTask.entitlements */ = {isa = PBXFileReference; lastKnownFileType = text.plist.entitlements; path = MobiliseTask.entitlements; sourceTree = "<group>"; };
		ED2349F62B48A6F600884FB7 /* Preview Assets.xcassets */ = {isa = PBXFileReference; lastKnownFileType = folder.assetcatalog; path = "Preview Assets.xcassets"; sourceTree = "<group>"; };
		ED2349FC2B48A6F600884FB7 /* MobiliseTaskTests.xctest */ = {isa = PBXFileReference; explicitFileType = wrapper.cfbundle; includeInIndex = 0; path = MobiliseTaskTests.xctest; sourceTree = BUILT_PRODUCTS_DIR; };
		ED234A002B48A6F600884FB7 /* MobiliseTaskTests.swift */ = {isa = PBXFileReference; lastKnownFileType = sourcecode.swift; path = MobiliseTaskTests.swift; sourceTree = "<group>"; };
		ED234A062B48A6F600884FB7 /* MobiliseTaskUITests.xctest */ = {isa = PBXFileReference; explicitFileType = wrapper.cfbundle; includeInIndex = 0; path = MobiliseTaskUITests.xctest; sourceTree = BUILT_PRODUCTS_DIR; };
		ED234A0A2B48A6F600884FB7 /* MobiliseTaskUITests.swift */ = {isa = PBXFileReference; lastKnownFileType = sourcecode.swift; path = MobiliseTaskUITests.swift; sourceTree = "<group>"; };
		ED234A0C2B48A6F600884FB7 /* MobiliseTaskUITestsLaunchTests.swift */ = {isa = PBXFileReference; lastKnownFileType = sourcecode.swift; path = MobiliseTaskUITestsLaunchTests.swift; sourceTree = "<group>"; };
/* End PBXFileReference section */

/* Begin PBXFrameworksBuildPhase section */
		ED2349E82B48A6F500884FB7 /* Frameworks */ = {
			isa = PBXFrameworksBuildPhase;
			buildActionMask = 2147483647;
			files = (
			);
			runOnlyForDeploymentPostprocessing = 0;
		};
		ED2349F92B48A6F600884FB7 /* Frameworks */ = {
			isa = PBXFrameworksBuildPhase;
			buildActionMask = 2147483647;
			files = (
			);
			runOnlyForDeploymentPostprocessing = 0;
		};
		ED234A032B48A6F600884FB7 /* Frameworks */ = {
			isa = PBXFrameworksBuildPhase;
			buildActionMask = 2147483647;
			files = (
			);
			runOnlyForDeploymentPostprocessing = 0;
		};
/* End PBXFrameworksBuildPhase section */

/* Begin PBXGroup section */
		ED2349E22B48A6F500884FB7 = {
			isa = PBXGroup;
			children = (
				ED2349ED2B48A6F500884FB7 /* MobiliseTask */,
				ED2349FF2B48A6F600884FB7 /* MobiliseTaskTests */,
				ED234A092B48A6F600884FB7 /* MobiliseTaskUITests */,
				ED2349EC2B48A6F500884FB7 /* Products */,
			);
			sourceTree = "<group>";
		};
		ED2349EC2B48A6F500884FB7 /* Products */ = {
			isa = PBXGroup;
			children = (
				ED2349EB2B48A6F500884FB7 /* MobiliseTask.app */,
				ED2349FC2B48A6F600884FB7 /* MobiliseTaskTests.xctest */,
				ED234A062B48A6F600884FB7 /* MobiliseTaskUITests.xctest */,
			);
			name = Products;
			sourceTree = "<group>";
		};
		ED2349ED2B48A6F500884FB7 /* MobiliseTask */ = {
			isa = PBXGroup;
			children = (
				ED2349EE2B48A6F500884FB7 /* MobiliseTaskApp.swift */,
				ED2349F02B48A6F500884FB7 /* ContentView.swift */,
				ED2349F22B48A6F600884FB7 /* Assets.xcassets */,
				ED2349F42B48A6F600884FB7 /* MobiliseTask.entitlements */,
				ED2349F52B48A6F600884FB7 /* Preview Content */,
			);
			path = MobiliseTask;
			sourceTree = "<group>";
		};
		ED2349F52B48A6F600884FB7 /* Preview Content */ = {
			isa = PBXGroup;
			children = (
				ED2349F62B48A6F600884FB7 /* Preview Assets.xcassets */,
			);
			path = "Preview Content";
			sourceTree = "<group>";
		};
		ED2349FF2B48A6F600884FB7 /* MobiliseTaskTests */ = {
			isa = PBXGroup;
			children = (
				ED234A002B48A6F600884FB7 /* MobiliseTaskTests.swift */,
			);
			path = MobiliseTaskTests;
			sourceTree = "<group>";
		};
		ED234A092B48A6F600884FB7 /* MobiliseTaskUITests */ = {
			isa = PBXGroup;
			children = (
				ED234A0A2B48A6F600884FB7 /* MobiliseTaskUITests.swift */,
				ED234A0C2B48A6F600884FB7 /* MobiliseTaskUITestsLaunchTests.swift */,
			);
			path = MobiliseTaskUITests;
			sourceTree = "<group>";
		};
/* End PBXGroup section */

/* Begin PBXNativeTarget section */
		ED2349EA2B48A6F500884FB7 /* MobiliseTask */ = {
			isa = PBXNativeTarget;
			buildConfigurationList = ED234A102B48A6F600884FB7 /* Build configuration list for PBXNativeTarget "MobiliseTask" */;
			buildPhases = (
				ED2349E72B48A6F500884FB7 /* Sources */,
				ED2349E82B48A6F500884FB7 /* Frameworks */,
				ED2349E92B48A6F500884FB7 /* Resources */,
			);
			buildRules = (
			);
			dependencies = (
			);
			name = MobiliseTask;
			productName = MobiliseTask;
			productReference = ED2349EB2B48A6F500884FB7 /* MobiliseTask.app */;
			productType = "com.apple.product-type.application";
		};
		ED2349FB2B48A6F600884FB7 /* MobiliseTaskTests */ = {
			isa = PBXNativeTarget;
			buildConfigurationList = ED234A132B48A6F600884FB7 /* Build configuration list for PBXNativeTarget "MobiliseTaskTests" */;
			buildPhases = (
				ED2349F82B48A6F600884FB7 /* Sources */,
				ED2349F92B48A6F600884FB7 /* Frameworks */,
				ED2349FA2B48A6F600884FB7 /* Resources */,
			);
			buildRules = (
			);
			dependencies = (
				ED2349FE2B48A6F600884FB7 /* PBXTargetDependency */,
			);
			name = MobiliseTaskTests;
			productName = MobiliseTaskTests;
			productReference = ED2349FC2B48A6F600884FB7 /* MobiliseTaskTests.xctest */;
			productType = "com.apple.product-type.bundle.unit-test";
		};
		ED234A052B48A6F600884FB7 /* MobiliseTaskUITests */ = {
			isa = PBXNativeTarget;
			buildConfigurationList = ED234A162B48A6F600884FB7 /* Build configuration list for PBXNativeTarget "MobiliseTaskUITests" */;
			buildPhases = (
				ED234A022B48A6F600884FB7 /* Sources */,
				ED234A032B48A6F600884FB7 /* Frameworks */,
				ED234A042B48A6F600884FB7 /* Resources */,
			);
			buildRules = (
			);
			dependencies = (
				ED234A082B48A6F600884FB7 /* PBXTargetDependency */,
			);
			name = MobiliseTaskUITests;
			productName = MobiliseTaskUITests;
			productReference = ED234A062B48A6F600884FB7 /* MobiliseTaskUITests.xctest */;
			productType = "com.apple.product-type.bundle.ui-testing";
		};
/* End PBXNativeTarget section */

/* Begin PBXProject section */
		ED2349E32B48A6F500884FB7 /* Project object */ = {
			isa = PBXProject;
			attributes = {
				BuildIndependentTargetsInParallel = 1;
				LastSwiftUpdateCheck = 1430;
				LastUpgradeCheck = 1430;
				TargetAttributes = {
					ED2349EA2B48A6F500884FB7 = {
						CreatedOnToolsVersion = 14.3.1;
					};
					ED2349FB2B48A6F600884FB7 = {
						CreatedOnToolsVersion = 14.3.1;
						TestTargetID = ED2349EA2B48A6F500884FB7;
					};
					ED234A052B48A6F600884FB7 = {
						CreatedOnToolsVersion = 14.3.1;
						TestTargetID = ED2349EA2B48A6F500884FB7;
					};
				};
			};
			buildConfigurationList = ED2349E62B48A6F500884FB7 /* Build configuration list for PBXProject "MobiliseTask" */;
			compatibilityVersion = "Xcode 14.0";
			developmentRegion = en;
			hasScannedForEncodings = 0;
			knownRegions = (
				en,
				Base,
			);
			mainGroup = ED2349E22B48A6F500884FB7;
			productRefGroup = ED2349EC2B48A6F500884FB7 /* Products */;
			projectDirPath = "";
			projectRoot = "";
			targets = (
				ED2349EA2B48A6F500884FB7 /* MobiliseTask */,
				ED2349FB2B48A6F600884FB7 /* MobiliseTaskTests */,
				ED234A052B48A6F600884FB7 /* MobiliseTaskUITests */,
			);
		};
/* End PBXProject section */

/* Begin PBXResourcesBuildPhase section */
		ED2349E92B48A6F500884FB7 /* Resources */ = {
			isa = PBXResourcesBuildPhase;
			buildActionMask = 2147483647;
			files = (
				ED2349F72B48A6F600884FB7 /* Preview Assets.xcassets in Resources */,
				ED2349F32B48A6F600884FB7 /* Assets.xcassets in Resources */,
			);
			runOnlyForDeploymentPostprocessing = 0;
		};
		ED2349FA2B48A6F600884FB7 /* Resources */ = {
			isa = PBXResourcesBuildPhase;
			buildActionMask = 2147483647;
			files = (
			);
			runOnlyForDeploymentPostprocessing = 0;
		};
		ED234A042B48A6F600884FB7 /* Resources */ = {
			isa = PBXResourcesBuildPhase;
			buildActionMask = 2147483647;
			files = (
			);
			runOnlyForDeploymentPostprocessing = 0;
		};
/* End PBXResourcesBuildPhase section */

/* Begin PBXSourcesBuildPhase section */
		ED2349E72B48A6F500884FB7 /* Sources */ = {
			isa = PBXSourcesBuildPhase;
			buildActionMask = 2147483647;
			files = (
				ED2349F12B48A6F500884FB7 /* ContentView.swift in Sources */,
				ED2349EF2B48A6F500884FB7 /* MobiliseTaskApp.swift in Sources */,
			);
			runOnlyForDeploymentPostprocessing = 0;
		};
		ED2349F82B48A6F600884FB7 /* Sources */ = {
			isa = PBXSourcesBuildPhase;
			buildActionMask = 2147483647;
			files = (
				ED234A012B48A6F600884FB7 /* MobiliseTaskTests.swift in Sources */,
			);
			runOnlyForDeploymentPostprocessing = 0;
		};
		ED234A022B48A6F600884FB7 /* Sources */ = {
			isa = PBXSourcesBuildPhase;
			buildActionMask = 2147483647;
			files = (
				ED234A0B2B48A6F600884FB7 /* MobiliseTaskUITests.swift in Sources */,
				ED234A0D2B48A6F600884FB7 /* MobiliseTaskUITestsLaunchTests.swift in Sources */,
			);
			runOnlyForDeploymentPostprocessing = 0;
		};
/* End PBXSourcesBuildPhase section */

/* Begin PBXTargetDependency section */
		ED2349FE2B48A6F600884FB7 /* PBXTargetDependency */ = {
			isa = PBXTargetDependency;
			target = ED2349EA2B48A6F500884FB7 /* MobiliseTask */;
			targetProxy = ED2349FD2B48A6F600884FB7 /* PBXContainerItemProxy */;
		};
		ED234A082B48A6F600884FB7 /* PBXTargetDependency */ = {
			isa = PBXTargetDependency;
			target = ED2349EA2B48A6F500884FB7 /* MobiliseTask */;
			targetProxy = ED234A072B48A6F600884FB7 /* PBXContainerItemProxy */;
		};
/* End PBXTargetDependency section */

/* Begin XCBuildConfiguration section */
		ED234A0E2B48A6F600884FB7 /* Debug */ = {
			isa = XCBuildConfiguration;
			buildSettings = {
				ALWAYS_SEARCH_USER_PATHS = NO;
				CLANG_ANALYZER_NONNULL = YES;
				CLANG_ANALYZER_NUMBER_OBJECT_CONVERSION = YES_AGGRESSIVE;
				CLANG_CXX_LANGUAGE_STANDARD = "gnu++20";
				CLANG_ENABLE_MODULES = YES;
				CLANG_ENABLE_OBJC_ARC = YES;
				CLANG_ENABLE_OBJC_WEAK = YES;
				CLANG_WARN_BLOCK_CAPTURE_AUTORELEASING = YES;
				CLANG_WARN_BOOL_CONVERSION = YES;
				CLANG_WARN_COMMA = YES;
				CLANG_WARN_CONSTANT_CONVERSION = YES;
				CLANG_WARN_DEPRECATED_OBJC_IMPLEMENTATIONS = YES;
				CLANG_WARN_DIRECT_OBJC_ISA_USAGE = YES_ERROR;
				CLANG_WARN_DOCUMENTATION_COMMENTS = YES;
				CLANG_WARN_EMPTY_BODY = YES;
				CLANG_WARN_ENUM_CONVERSION = YES;
				CLANG_WARN_INFINITE_RECURSION = YES;
				CLANG_WARN_INT_CONVERSION = YES;
				CLANG_WARN_NON_LITERAL_NULL_CONVERSION = YES;
				CLANG_WARN_OBJC_IMPLICIT_RETAIN_SELF = YES;
				CLANG_WARN_OBJC_LITERAL_CONVERSION = YES;
				CLANG_WARN_OBJC_ROOT_CLASS = YES_ERROR;
				CLANG_WARN_QUOTED_INCLUDE_IN_FRAMEWORK_HEADER = YES;
				CLANG_WARN_RANGE_LOOP_ANALYSIS = YES;
				CLANG_WARN_STRICT_PROTOTYPES = YES;
				CLANG_WARN_SUSPICIOUS_MOVE = YES;
				CLANG_WARN_UNGUARDED_AVAILABILITY = YES_AGGRESSIVE;
				CLANG_WARN_UNREACHABLE_CODE = YES;
				CLANG_WARN__DUPLICATE_METHOD_MATCH = YES;
				COPY_PHASE_STRIP = NO;
				DEBUG_INFORMATION_FORMAT = dwarf;
				ENABLE_STRICT_OBJC_MSGSEND = YES;
				ENABLE_TESTABILITY = YES;
				GCC_C_LANGUAGE_STANDARD = gnu11;
				GCC_DYNAMIC_NO_PIC = NO;
				GCC_NO_COMMON_BLOCKS = YES;
				GCC_OPTIMIZATION_LEVEL = 0;
				GCC_PREPROCESSOR_DEFINITIONS = (
					"DEBUG=1",
					"$(inherited)",
				);
				GCC_WARN_64_TO_32_BIT_CONVERSION = YES;
				GCC_WARN_ABOUT_RETURN_TYPE = YES_ERROR;
				GCC_WARN_UNDECLARED_SELECTOR = YES;
				GCC_WARN_UNINITIALIZED_AUTOS = YES_AGGRESSIVE;
				GCC_WARN_UNUSED_FUNCTION = YES;
				GCC_WARN_UNUSED_VARIABLE = YES;
				MTL_ENABLE_DEBUG_INFO = INCLUDE_SOURCE;
				MTL_FAST_MATH = YES;
				ONLY_ACTIVE_ARCH = YES;
				SWIFT_ACTIVE_COMPILATION_CONDITIONS = DEBUG;
				SWIFT_OPTIMIZATION_LEVEL = "-Onone";
			};
			name = Debug;
		};
		ED234A0F2B48A6F600884FB7 /* Release */ = {
			isa = XCBuildConfiguration;
			buildSettings = {
				ALWAYS_SEARCH_USER_PATHS = NO;
				CLANG_ANALYZER_NONNULL = YES;
				CLANG_ANALYZER_NUMBER_OBJECT_CONVERSION = YES_AGGRESSIVE;
				CLANG_CXX_LANGUAGE_STANDARD = "gnu++20";
				CLANG_ENABLE_MODULES = YES;
				CLANG_ENABLE_OBJC_ARC = YES;
				CLANG_ENABLE_OBJC_WEAK = YES;
				CLANG_WARN_BLOCK_CAPTURE_AUTORELEASING = YES;
				CLANG_WARN_BOOL_CONVERSION = YES;
				CLANG_WARN_COMMA = YES;
				CLANG_WARN_CONSTANT_CONVERSION = YES;
				CLANG_WARN_DEPRECATED_OBJC_IMPLEMENTATIONS = YES;
				CLANG_WARN_DIRECT_OBJC_ISA_USAGE = YES_ERROR;
				CLANG_WARN_DOCUMENTATION_COMMENTS = YES;
				CLANG_WARN_EMPTY_BODY = YES;
				CLANG_WARN_ENUM_CONVERSION = YES;
				CLANG_WARN_INFINITE_RECURSION = YES;
				CLANG_WARN_INT_CONVERSION = YES;
				CLANG_WARN_NON_LITERAL_NULL_CONVERSION = YES;
				CLANG_WARN_OBJC_IMPLICIT_RETAIN_SELF = YES;
				CLANG_WARN_OBJC_LITERAL_CONVERSION = YES;
				CLANG_WARN_OBJC_ROOT_CLASS = YES_ERROR;
				CLANG_WARN_QUOTED_INCLUDE_IN_FRAMEWORK_HEADER = YES;
				CLANG_WARN_RANGE_LOOP_ANALYSIS = YES;
				CLANG_WARN_STRICT_PROTOTYPES = YES;
				CLANG_WARN_SUSPICIOUS_MOVE = YES;
				CLANG_WARN_UNGUARDED_AVAILABILITY = YES_AGGRESSIVE;
				CLANG_WARN_UNREACHABLE_CODE = YES;
				CLANG_WARN__DUPLICATE_METHOD_MATCH = YES;
				COPY_PHASE_STRIP = NO;
				DEBUG_INFORMATION_FORMAT = "dwarf-with-dsym";
				ENABLE_NS_ASSERTIONS = NO;
				ENABLE_STRICT_OBJC_MSGSEND = YES;
				GCC_C_LANGUAGE_STANDARD = gnu11;
				GCC_NO_COMMON_BLOCKS = YES;
				GCC_WARN_64_TO_32_BIT_CONVERSION = YES;
				GCC_WARN_ABOUT_RETURN_TYPE = YES_ERROR;
				GCC_WARN_UNDECLARED_SELECTOR = YES;
				GCC_WARN_UNINITIALIZED_AUTOS = YES_AGGRESSIVE;
				GCC_WARN_UNUSED_FUNCTION = YES;
				GCC_WARN_UNUSED_VARIABLE = YES;
				MTL_ENABLE_DEBUG_INFO = NO;
				MTL_FAST_MATH = YES;
				SWIFT_COMPILATION_MODE = wholemodule;
				SWIFT_OPTIMIZATION_LEVEL = "-O";
			};
			name = Release;
		};
		ED234A112B48A6F600884FB7 /* Debug */ = {
			isa = XCBuildConfiguration;
			buildSettings = {
				ASSETCATALOG_COMPILER_APPICON_NAME = AppIcon;
				ASSETCATALOG_COMPILER_GLOBAL_ACCENT_COLOR_NAME = AccentColor;
				CODE_SIGN_ENTITLEMENTS = MobiliseTask/MobiliseTask.entitlements;
				CODE_SIGN_STYLE = Automatic;
				CURRENT_PROJECT_VERSION = 1;
				DEVELOPMENT_ASSET_PATHS = "\"MobiliseTask/Preview Content\"";
				DEVELOPMENT_TEAM = 4SB478VTY8;
				ENABLE_HARDENED_RUNTIME = YES;
				ENABLE_PREVIEWS = YES;
				GENERATE_INFOPLIST_FILE = YES;
				"INFOPLIST_KEY_UIApplicationSceneManifest_Generation[sdk=iphoneos*]" = YES;
				"INFOPLIST_KEY_UIApplicationSceneManifest_Generation[sdk=iphonesimulator*]" = YES;
				"INFOPLIST_KEY_UIApplicationSupportsIndirectInputEvents[sdk=iphoneos*]" = YES;
				"INFOPLIST_KEY_UIApplicationSupportsIndirectInputEvents[sdk=iphonesimulator*]" = YES;
				"INFOPLIST_KEY_UILaunchScreen_Generation[sdk=iphoneos*]" = YES;
				"INFOPLIST_KEY_UILaunchScreen_Generation[sdk=iphonesimulator*]" = YES;
				"INFOPLIST_KEY_UIStatusBarStyle[sdk=iphoneos*]" = UIStatusBarStyleDefault;
				"INFOPLIST_KEY_UIStatusBarStyle[sdk=iphonesimulator*]" = UIStatusBarStyleDefault;
				INFOPLIST_KEY_UISupportedInterfaceOrientations_iPad = "UIInterfaceOrientationPortrait UIInterfaceOrientationPortraitUpsideDown UIInterfaceOrientationLandscapeLeft UIInterfaceOrientationLandscapeRight";
				INFOPLIST_KEY_UISupportedInterfaceOrientations_iPhone = "UIInterfaceOrientationPortrait UIInterfaceOrientationLandscapeLeft UIInterfaceOrientationLandscapeRight";
				IPHONEOS_DEPLOYMENT_TARGET = 16.4;
				LD_RUNPATH_SEARCH_PATHS = "@executable_path/Frameworks";
				"LD_RUNPATH_SEARCH_PATHS[sdk=macosx*]" = "@executable_path/../Frameworks";
				MACOSX_DEPLOYMENT_TARGET = 13.3;
				MARKETING_VERSION = 1.0;
				PRODUCT_BUNDLE_IDENTIFIER = waris.MobiliseTask;
				PRODUCT_NAME = "$(TARGET_NAME)";
				SDKROOT = auto;
				SUPPORTED_PLATFORMS = "iphoneos iphonesimulator macosx";
				SWIFT_EMIT_LOC_STRINGS = YES;
				SWIFT_VERSION = 5.0;
				TARGETED_DEVICE_FAMILY = "1,2";
			};
			name = Debug;
		};
		ED234A122B48A6F600884FB7 /* Release */ = {
			isa = XCBuildConfiguration;
			buildSettings = {
				ASSETCATALOG_COMPILER_APPICON_NAME = AppIcon;
				ASSETCATALOG_COMPILER_GLOBAL_ACCENT_COLOR_NAME = AccentColor;
				CODE_SIGN_ENTITLEMENTS = MobiliseTask/MobiliseTask.entitlements;
				CODE_SIGN_STYLE = Automatic;
				CURRENT_PROJECT_VERSION = 1;
				DEVELOPMENT_ASSET_PATHS = "\"MobiliseTask/Preview Content\"";
				DEVELOPMENT_TEAM = 4SB478VTY8;
				ENABLE_HARDENED_RUNTIME = YES;
				ENABLE_PREVIEWS = YES;
				GENERATE_INFOPLIST_FILE = YES;
				"INFOPLIST_KEY_UIApplicationSceneManifest_Generation[sdk=iphoneos*]" = YES;
				"INFOPLIST_KEY_UIApplicationSceneManifest_Generation[sdk=iphonesimulator*]" = YES;
				"INFOPLIST_KEY_UIApplicationSupportsIndirectInputEvents[sdk=iphoneos*]" = YES;
				"INFOPLIST_KEY_UIApplicationSupportsIndirectInputEvents[sdk=iphonesimulator*]" = YES;
				"INFOPLIST_KEY_UILaunchScreen_Generation[sdk=iphoneos*]" = YES;
				"INFOPLIST_KEY_UILaunchScreen_Generation[sdk=iphonesimulator*]" = YES;
				"INFOPLIST_KEY_UIStatusBarStyle[sdk=iphoneos*]" = UIStatusBarStyleDefault;
				"INFOPLIST_KEY_UIStatusBarStyle[sdk=iphonesimulator*]" = UIStatusBarStyleDefault;
				INFOPLIST_KEY_UISupportedInterfaceOrientations_iPad = "UIInterfaceOrientationPortrait UIInterfaceOrientationPortraitUpsideDown UIInterfaceOrientationLandscapeLeft UIInterfaceOrientationLandscapeRight";
				INFOPLIST_KEY_UISupportedInterfaceOrientations_iPhone = "UIInterfaceOrientationPortrait UIInterfaceOrientationLandscapeLeft UIInterfaceOrientationLandscapeRight";
				IPHONEOS_DEPLOYMENT_TARGET = 16.4;
				LD_RUNPATH_SEARCH_PATHS = "@executable_path/Frameworks";
				"LD_RUNPATH_SEARCH_PATHS[sdk=macosx*]" = "@executable_path/../Frameworks";
				MACOSX_DEPLOYMENT_TARGET = 13.3;
				MARKETING_VERSION = 1.0;
				PRODUCT_BUNDLE_IDENTIFIER = waris.MobiliseTask;
				PRODUCT_NAME = "$(TARGET_NAME)";
				SDKROOT = auto;
				SUPPORTED_PLATFORMS = "iphoneos iphonesimulator macosx";
				SWIFT_EMIT_LOC_STRINGS = YES;
				SWIFT_VERSION = 5.0;
				TARGETED_DEVICE_FAMILY = "1,2";
			};
			name = Release;
		};
		ED234A142B48A6F600884FB7 /* Debug */ = {
			isa = XCBuildConfiguration;
			buildSettings = {
				ALWAYS_EMBED_SWIFT_STANDARD_LIBRARIES = YES;
				BUNDLE_LOADER = "$(TEST_HOST)";
				CODE_SIGN_STYLE = Automatic;
				CURRENT_PROJECT_VERSION = 1;
				DEVELOPMENT_TEAM = 4SB478VTY8;
				GENERATE_INFOPLIST_FILE = YES;
				IPHONEOS_DEPLOYMENT_TARGET = 16.4;
				MACOSX_DEPLOYMENT_TARGET = 13.3;
				MARKETING_VERSION = 1.0;
				PRODUCT_BUNDLE_IDENTIFIER = waris.MobiliseTaskTests;
				PRODUCT_NAME = "$(TARGET_NAME)";
				SDKROOT = auto;
				SUPPORTED_PLATFORMS = "iphoneos iphonesimulator macosx";
				SWIFT_EMIT_LOC_STRINGS = NO;
				SWIFT_VERSION = 5.0;
				TARGETED_DEVICE_FAMILY = "1,2";
				TEST_HOST = "$(BUILT_PRODUCTS_DIR)/MobiliseTask.app/$(BUNDLE_EXECUTABLE_FOLDER_PATH)/MobiliseTask";
			};
			name = Debug;
		};
		ED234A152B48A6F600884FB7 /* Release */ = {
			isa = XCBuildConfiguration;
			buildSettings = {
				ALWAYS_EMBED_SWIFT_STANDARD_LIBRARIES = YES;
				BUNDLE_LOADER = "$(TEST_HOST)";
				CODE_SIGN_STYLE = Automatic;
				CURRENT_PROJECT_VERSION = 1;
				DEVELOPMENT_TEAM = 4SB478VTY8;
				GENERATE_INFOPLIST_FILE = YES;
				IPHONEOS_DEPLOYMENT_TARGET = 16.4;
				MACOSX_DEPLOYMENT_TARGET = 13.3;
				MARKETING_VERSION = 1.0;
				PRODUCT_BUNDLE_IDENTIFIER = waris.MobiliseTaskTests;
				PRODUCT_NAME = "$(TARGET_NAME)";
				SDKROOT = auto;
				SUPPORTED_PLATFORMS = "iphoneos iphonesimulator macosx";
				SWIFT_EMIT_LOC_STRINGS = NO;
				SWIFT_VERSION = 5.0;
				TARGETED_DEVICE_FAMILY = "1,2";
				TEST_HOST = "$(BUILT_PRODUCTS_DIR)/MobiliseTask.app/$(BUNDLE_EXECUTABLE_FOLDER_PATH)/MobiliseTask";
			};
			name = Release;
		};
		ED234A172B48A6F600884FB7 /* Debug */ = {
			isa = XCBuildConfiguration;
			buildSettings = {
				ALWAYS_EMBED_SWIFT_STANDARD_LIBRARIES = YES;
				CODE_SIGN_STYLE = Automatic;
				CURRENT_PROJECT_VERSION = 1;
				DEVELOPMENT_TEAM = 4SB478VTY8;
				GENERATE_INFOPLIST_FILE = YES;
				IPHONEOS_DEPLOYMENT_TARGET = 16.4;
				MACOSX_DEPLOYMENT_TARGET = 13.3;
				MARKETING_VERSION = 1.0;
				PRODUCT_BUNDLE_IDENTIFIER = waris.MobiliseTaskUITests;
				PRODUCT_NAME = "$(TARGET_NAME)";
				SDKROOT = auto;
				SUPPORTED_PLATFORMS = "iphoneos iphonesimulator macosx";
				SWIFT_EMIT_LOC_STRINGS = NO;
				SWIFT_VERSION = 5.0;
				TARGETED_DEVICE_FAMILY = "1,2";
				TEST_TARGET_NAME = MobiliseTask;
			};
			name = Debug;
		};
		ED234A182B48A6F600884FB7 /* Release */ = {
			isa = XCBuildConfiguration;
			buildSettings = {
				ALWAYS_EMBED_SWIFT_STANDARD_LIBRARIES = YES;
				CODE_SIGN_STYLE = Automatic;
				CURRENT_PROJECT_VERSION = 1;
				DEVELOPMENT_TEAM = 4SB478VTY8;
				GENERATE_INFOPLIST_FILE = YES;
				IPHONEOS_DEPLOYMENT_TARGET = 16.4;
				MACOSX_DEPLOYMENT_TARGET = 13.3;
				MARKETING_VERSION = 1.0;
				PRODUCT_BUNDLE_IDENTIFIER = waris.MobiliseTaskUITests;
				PRODUCT_NAME = "$(TARGET_NAME)";
				SDKROOT = auto;
				SUPPORTED_PLATFORMS = "iphoneos iphonesimulator macosx";
				SWIFT_EMIT_LOC_STRINGS = NO;
				SWIFT_VERSION = 5.0;
				TARGETED_DEVICE_FAMILY = "1,2";
				TEST_TARGET_NAME = MobiliseTask;
			};
			name = Release;
		};
/* End XCBuildConfiguration section */

/* Begin XCConfigurationList section */
		ED2349E62B48A6F500884FB7 /* Build configuration list for PBXProject "MobiliseTask" */ = {
			isa = XCConfigurationList;
			buildConfigurations = (
				ED234A0E2B48A6F600884FB7 /* Debug */,
				ED234A0F2B48A6F600884FB7 /* Release */,
			);
			defaultConfigurationIsVisible = 0;
			defaultConfigurationName = Release;
		};
		ED234A102B48A6F600884FB7 /* Build configuration list for PBXNativeTarget "MobiliseTask" */ = {
			isa = XCConfigurationList;
			buildConfigurations = (
				ED234A112B48A6F600884FB7 /* Debug */,
				ED234A122B48A6F600884FB7 /* Release */,
			);
			defaultConfigurationIsVisible = 0;
			defaultConfigurationName = Release;
		};
		ED234A132B48A6F600884FB7 /* Build configuration list for PBXNativeTarget "MobiliseTaskTests" */ = {
			isa = XCConfigurationList;
			buildConfigurations = (
				ED234A142B48A6F600884FB7 /* Debug */,
				ED234A152B48A6F600884FB7 /* Release */,
			);
			defaultConfigurationIsVisible = 0;
			defaultConfigurationName = Release;
		};
		ED234A162B48A6F600884FB7 /* Build configuration list for PBXNativeTarget "MobiliseTaskUITests" */ = {
			isa = XCConfigurationList;
			buildConfigurations = (
				ED234A172B48A6F600884FB7 /* Debug */,
				ED234A182B48A6F600884FB7 /* Release */,
			);
			defaultConfigurationIsVisible = 0;
			defaultConfigurationName = Release;
		};
/* End XCConfigurationList section */
	};
	rootObject = ED2349E32B48A6F500884FB7 /* Project object */;
}
